
Microsoft Visual Studio Solution File, Format Version 12.00
# Visual Studio 15
VisualStudioVersion = 15.0.28307.489
MinimumVisualStudioVersion = 10.0.40219.1
Project("{FAE04EC0-301F-11D3-BF4B-00C04F79EFBC}") = "16.09.2019 operator perez", "16.09.2019 operator perez\16.09.2019 operator perez.csproj", "{D313807F-41BE-4AFE-89FC-0A1588C86935}"
EndProject
Global
	GlobalSection(SolutionConfigurationPlatforms) = preSolution
		Debug|Any CPU = Debug|Any CPU
		Release|Any CPU = Release|Any CPU
	EndGlobalSection
	GlobalSection(ProjectConfigurationPlatforms) = postSolution
		{D313807F-41BE-4AFE-89FC-0A1588C86935}.Debug|Any CPU.ActiveCfg = Debug|Any CPU
		{D313807F-41BE-4AFE-89FC-0A1588C86935}.Debug|Any CPU.Build.0 = Debug|Any CPU
		{D313807F-41BE-4AFE-89FC-0A1588C86935}.Release|Any CPU.ActiveCfg = Release|Any CPU
		{D313807F-41BE-4AFE-89FC-0A1588C86935}.Release|Any CPU.Build.0 = Release|Any CPU
	EndGlobalSection
	GlobalSection(SolutionProperties) = preSolution
		HideSolutionNode = FALSE
	EndGlobalSection
	GlobalSection(ExtensibilityGlobals) = postSolution
		SolutionGuid = {A468BDD6-1774-4BDA-972E-D3589BE530D8}
	EndGlobalSection
EndGlobal
